
Microsoft Visual Studio Solution File, Format Version 12.00
# Visual Studio Version 16
VisualStudioVersion = 25.0.1706.5
MinimumVisualStudioVersion = 10.0.40219.1
Project("{FAE04EC0-301F-11D3-BF4B-00C04F79EFBC}") = "ADONETtask", "ADONETtask\ADONETtask.csproj", "{C48120A3-59E4-4B2C-9790-9010BE5754F3}"
EndProject
Global
	GlobalSection(SolutionConfigurationPlatforms) = preSolution
		Debug|Any CPU = Debug|Any CPU
		Release|Any CPU = Release|Any CPU
	EndGlobalSection
	GlobalSection(ProjectConfigurationPlatforms) = postSolution
		{C48120A3-59E4-4B2C-9790-9010BE5754F3}.Debug|Any CPU.ActiveCfg = Debug|Any CPU
		{C48120A3-59E4-4B2C-9790-9010BE5754F3}.Debug|Any CPU.Build.0 = Debug|Any CPU
		{C48120A3-59E4-4B2C-9790-9010BE5754F3}.Release|Any CPU.ActiveCfg = Release|Any CPU
		{C48120A3-59E4-4B2C-9790-9010BE5754F3}.Release|Any CPU.Build.0 = Release|Any CPU
	EndGlobalSection
	GlobalSection(SolutionProperties) = preSolution
		HideSolutionNode = FALSE
	EndGlobalSection
	GlobalSection(ExtensibilityGlobals) = postSolution
		SolutionGuid = {D148BA69-534A-4241-927E-456D0E2CCC0F}
	EndGlobalSection
EndGlobal
